
Microsoft Visual Studio Solution File, Format Version 12.00
# Visual Studio 15
VisualStudioVersion = 15.0.27004.2002
MinimumVisualStudioVersion = 10.0.40219.1
Project("{FAE04EC0-301F-11D3-BF4B-00C04F79EFBC}") = "WebHostServiceDemo", "WebHostServiceDemo\WebHostServiceDemo.csproj", "{3FEBE7C9-1796-4A74-ABBB-CFD077E1ED56}"
EndProject
Global
	GlobalSection(SolutionConfigurationPlatforms) = preSolution
		Debug|Any CPU = Debug|Any CPU
		Release|Any CPU = Release|Any CPU
	EndGlobalSection
	GlobalSection(ProjectConfigurationPlatforms) = postSolution
		{3FEBE7C9-1796-4A74-ABBB-CFD077E1ED56}.Debug|Any CPU.ActiveCfg = Debug|Any CPU
		{3FEBE7C9-1796-4A74-ABBB-CFD077E1ED56}.Debug|Any CPU.Build.0 = Debug|Any CPU
		{3FEBE7C9-1796-4A74-ABBB-CFD077E1ED56}.Release|Any CPU.ActiveCfg = Release|Any CPU
		{3FEBE7C9-1796-4A74-ABBB-CFD077E1ED56}.Release|Any CPU.Build.0 = Release|Any CPU
	EndGlobalSection
	GlobalSection(SolutionProperties) = preSolution
		HideSolutionNode = FALSE
	EndGlobalSection
	GlobalSection(ExtensibilityGlobals) = postSolution
		SolutionGuid = {3FD616D0-7649-460D-8560-2E00E6537CD1}
	EndGlobalSection
EndGlobal
